
Microsoft Visual Studio Solution File, Format Version 12.00
# Visual Studio Version 16
VisualStudioVersion = 16.0.29306.81
MinimumVisualStudioVersion = 10.0.40219.1
Project("{FAE04EC0-301F-11D3-BF4B-00C04F79EFBC}") = "q3", "q3\q3.csproj", "{1812B67D-A941-4546-B0E1-FB5F823618C1}"
EndProject
Global
	GlobalSection(SolutionConfigurationPlatforms) = preSolution
		Debug|Any CPU = Debug|Any CPU
		Release|Any CPU = Release|Any CPU
	EndGlobalSection
	GlobalSection(ProjectConfigurationPlatforms) = postSolution
		{1812B67D-A941-4546-B0E1-FB5F823618C1}.Debug|Any CPU.ActiveCfg = Debug|Any CPU
		{1812B67D-A941-4546-B0E1-FB5F823618C1}.Debug|Any CPU.Build.0 = Debug|Any CPU
		{1812B67D-A941-4546-B0E1-FB5F823618C1}.Release|Any CPU.ActiveCfg = Release|Any CPU
		{1812B67D-A941-4546-B0E1-FB5F823618C1}.Release|Any CPU.Build.0 = Release|Any CPU
	EndGlobalSection
	GlobalSection(SolutionProperties) = preSolution
		HideSolutionNode = FALSE
	EndGlobalSection
	GlobalSection(ExtensibilityGlobals) = postSolution
		SolutionGuid = {DE794DD1-FA18-42D0-8E4D-8E1A3FFB08F7}
	EndGlobalSection
EndGlobal
