
Microsoft Visual Studio Solution File, Format Version 12.00
# Visual Studio Version 16
VisualStudioVersion = 16.0.29306.81
MinimumVisualStudioVersion = 10.0.40219.1
Project("{FAE04EC0-301F-11D3-BF4B-00C04F79EFBC}") = "1", "1\1.csproj", "{3BEBB241-5BD6-453B-9DFA-094711E19FB6}"
EndProject
Global
	GlobalSection(SolutionConfigurationPlatforms) = preSolution
		Debug|Any CPU = Debug|Any CPU
		Release|Any CPU = Release|Any CPU
	EndGlobalSection
	GlobalSection(ProjectConfigurationPlatforms) = postSolution
		{3BEBB241-5BD6-453B-9DFA-094711E19FB6}.Debug|Any CPU.ActiveCfg = Debug|Any CPU
		{3BEBB241-5BD6-453B-9DFA-094711E19FB6}.Debug|Any CPU.Build.0 = Debug|Any CPU
		{3BEBB241-5BD6-453B-9DFA-094711E19FB6}.Release|Any CPU.ActiveCfg = Release|Any CPU
		{3BEBB241-5BD6-453B-9DFA-094711E19FB6}.Release|Any CPU.Build.0 = Release|Any CPU
	EndGlobalSection
	GlobalSection(SolutionProperties) = preSolution
		HideSolutionNode = FALSE
	EndGlobalSection
	GlobalSection(ExtensibilityGlobals) = postSolution
		SolutionGuid = {39F74460-55DD-43F0-BF7E-EBC6485D9859}
	EndGlobalSection
EndGlobal
