
Microsoft Visual Studio Solution File, Format Version 12.00
# Visual Studio Version 16
VisualStudioVersion = 16.0.29306.81
MinimumVisualStudioVersion = 10.0.40219.1
Project("{FAE04EC0-301F-11D3-BF4B-00C04F79EFBC}") = "A1", "A1\A1.csproj", "{DE552922-B4CE-43A1-A855-E6D5CD924BA2}"
EndProject
Global
	GlobalSection(SolutionConfigurationPlatforms) = preSolution
		Debug|Any CPU = Debug|Any CPU
		Release|Any CPU = Release|Any CPU
	EndGlobalSection
	GlobalSection(ProjectConfigurationPlatforms) = postSolution
		{DE552922-B4CE-43A1-A855-E6D5CD924BA2}.Debug|Any CPU.ActiveCfg = Debug|Any CPU
		{DE552922-B4CE-43A1-A855-E6D5CD924BA2}.Debug|Any CPU.Build.0 = Debug|Any CPU
		{DE552922-B4CE-43A1-A855-E6D5CD924BA2}.Release|Any CPU.ActiveCfg = Release|Any CPU
		{DE552922-B4CE-43A1-A855-E6D5CD924BA2}.Release|Any CPU.Build.0 = Release|Any CPU
	EndGlobalSection
	GlobalSection(SolutionProperties) = preSolution
		HideSolutionNode = FALSE
	EndGlobalSection
	GlobalSection(ExtensibilityGlobals) = postSolution
		SolutionGuid = {755FE07E-EEAF-42FF-95C0-1113B05EDD48}
	EndGlobalSection
EndGlobal
