
Microsoft Visual Studio Solution File, Format Version 12.00
# Visual Studio Version 16
VisualStudioVersion = 16.0.29306.81
MinimumVisualStudioVersion = 10.0.40219.1
Project("{FAE04EC0-301F-11D3-BF4B-00C04F79EFBC}") = "1", "1\1.csproj", "{DC51BB35-3614-459D-8D94-0678A06433E5}"
EndProject
Global
	GlobalSection(SolutionConfigurationPlatforms) = preSolution
		Debug|Any CPU = Debug|Any CPU
		Release|Any CPU = Release|Any CPU
	EndGlobalSection
	GlobalSection(ProjectConfigurationPlatforms) = postSolution
		{DC51BB35-3614-459D-8D94-0678A06433E5}.Debug|Any CPU.ActiveCfg = Debug|Any CPU
		{DC51BB35-3614-459D-8D94-0678A06433E5}.Debug|Any CPU.Build.0 = Debug|Any CPU
		{DC51BB35-3614-459D-8D94-0678A06433E5}.Release|Any CPU.ActiveCfg = Release|Any CPU
		{DC51BB35-3614-459D-8D94-0678A06433E5}.Release|Any CPU.Build.0 = Release|Any CPU
	EndGlobalSection
	GlobalSection(SolutionProperties) = preSolution
		HideSolutionNode = FALSE
	EndGlobalSection
	GlobalSection(ExtensibilityGlobals) = postSolution
		SolutionGuid = {F1EED7FC-447C-4A41-BA0E-977C93CC305A}
	EndGlobalSection
EndGlobal
